
Microsoft Visual Studio Solution File, Format Version 12.00
# Visual Studio Version 17
VisualStudioVersion = 17.8.34330.188
MinimumVisualStudioVersion = 10.0.40219.1
Project("{FAE04EC0-301F-11D3-BF4B-00C04F79EFBC}") = "ECommerce", "ECommerce\ECommerce.csproj", "{1D9384DA-EEFD-4041-8142-2FE3A684BDDB}"
EndProject
Global
	GlobalSection(SolutionConfigurationPlatforms) = preSolution
		Debug|Any CPU = Debug|Any CPU
		Release|Any CPU = Release|Any CPU
	EndGlobalSection
	GlobalSection(ProjectConfigurationPlatforms) = postSolution
		{1D9384DA-EEFD-4041-8142-2FE3A684BDDB}.Debug|Any CPU.ActiveCfg = Debug|Any CPU
		{1D9384DA-EEFD-4041-8142-2FE3A684BDDB}.Debug|Any CPU.Build.0 = Debug|Any CPU
		{1D9384DA-EEFD-4041-8142-2FE3A684BDDB}.Release|Any CPU.ActiveCfg = Release|Any CPU
		{1D9384DA-EEFD-4041-8142-2FE3A684BDDB}.Release|Any CPU.Build.0 = Release|Any CPU
	EndGlobalSection
	GlobalSection(SolutionProperties) = preSolution
		HideSolutionNode = FALSE
	EndGlobalSection
	GlobalSection(ExtensibilityGlobals) = postSolution
		SolutionGuid = {99BC8146-ED37-435B-B61E-41E48BCD928D}
	EndGlobalSection
EndGlobal
